
Microsoft Visual Studio Solution File, Format Version 12.00
# Visual Studio Version 18
VisualStudioVersion = 18.1.11312.151 d18.0
MinimumVisualStudioVersion = 10.0.40219.1
Project("{FAE04EC0-301F-11D3-BF4B-00C04F79EFBC}") = "RGB_CanalsBlender", "RGB_CanalsBlender.csproj", "{A463DE37-7F18-C1D8-365C-44C00CFF8C15}"
EndProject
Global
	GlobalSection(SolutionConfigurationPlatforms) = preSolution
		Debug|Any CPU = Debug|Any CPU
		Release|Any CPU = Release|Any CPU
	EndGlobalSection
	GlobalSection(ProjectConfigurationPlatforms) = postSolution
		{A463DE37-7F18-C1D8-365C-44C00CFF8C15}.Debug|Any CPU.ActiveCfg = Debug|Any CPU
		{A463DE37-7F18-C1D8-365C-44C00CFF8C15}.Debug|Any CPU.Build.0 = Debug|Any CPU
		{A463DE37-7F18-C1D8-365C-44C00CFF8C15}.Release|Any CPU.ActiveCfg = Release|Any CPU
		{A463DE37-7F18-C1D8-365C-44C00CFF8C15}.Release|Any CPU.Build.0 = Release|Any CPU
	EndGlobalSection
	GlobalSection(SolutionProperties) = preSolution
		HideSolutionNode = FALSE
	EndGlobalSection
	GlobalSection(ExtensibilityGlobals) = postSolution
		SolutionGuid = {778C804E-1511-4822-9F60-274D3E3A1988}
	EndGlobalSection
EndGlobal
